
Microsoft Visual Studio Solution File, Format Version 12.00
# Visual Studio Version 17
VisualStudioVersion = 17.1.32421.90
MinimumVisualStudioVersion = 10.0.40219.1
Project("{FAE04EC0-301F-11D3-BF4B-00C04F79EFBC}") = "Renty", "Renty\Renty.csproj", "{6B121015-92A5-471F-A6AA-59BA20CC11F8}"
EndProject
Global
	GlobalSection(SolutionConfigurationPlatforms) = preSolution
		Debug|Any CPU = Debug|Any CPU
		Release|Any CPU = Release|Any CPU
	EndGlobalSection
	GlobalSection(ProjectConfigurationPlatforms) = postSolution
		{6B121015-92A5-471F-A6AA-59BA20CC11F8}.Debug|Any CPU.ActiveCfg = Debug|Any CPU
		{6B121015-92A5-471F-A6AA-59BA20CC11F8}.Debug|Any CPU.Build.0 = Debug|Any CPU
		{6B121015-92A5-471F-A6AA-59BA20CC11F8}.Release|Any CPU.ActiveCfg = Release|Any CPU
		{6B121015-92A5-471F-A6AA-59BA20CC11F8}.Release|Any CPU.Build.0 = Release|Any CPU
	EndGlobalSection
	GlobalSection(SolutionProperties) = preSolution
		HideSolutionNode = FALSE
	EndGlobalSection
	GlobalSection(ExtensibilityGlobals) = postSolution
		SolutionGuid = {3CCCCAB1-6D9F-414D-99E3-BE1984781CDE}
	EndGlobalSection
EndGlobal
